
Microsoft Visual Studio Solution File, Format Version 12.00
# Visual Studio Version 17
VisualStudioVersion = 17.14.36109.1
MinimumVisualStudioVersion = 10.0.40219.1
Project("{FAE04EC0-301F-11D3-BF4B-00C04F79EFBC}") = "MyThreadPool", "MyThreadPool\MyThreadPool.csproj", "{EC1C1DD0-1E9A-4879-98B4-316DB2253D05}"
EndProject
Project("{FAE04EC0-301F-11D3-BF4B-00C04F79EFBC}") = "ThreadPoolTest", "ThreadPoolTest\ThreadPoolTest.csproj", "{01853C0B-20BD-4252-B4F3-47F90819B151}"
EndProject
Global
	GlobalSection(SolutionConfigurationPlatforms) = preSolution
		Debug|Any CPU = Debug|Any CPU
		Release|Any CPU = Release|Any CPU
	EndGlobalSection
	GlobalSection(ProjectConfigurationPlatforms) = postSolution
		{EC1C1DD0-1E9A-4879-98B4-316DB2253D05}.Debug|Any CPU.ActiveCfg = Debug|Any CPU
		{EC1C1DD0-1E9A-4879-98B4-316DB2253D05}.Debug|Any CPU.Build.0 = Debug|Any CPU
		{EC1C1DD0-1E9A-4879-98B4-316DB2253D05}.Release|Any CPU.ActiveCfg = Release|Any CPU
		{EC1C1DD0-1E9A-4879-98B4-316DB2253D05}.Release|Any CPU.Build.0 = Release|Any CPU
		{01853C0B-20BD-4252-B4F3-47F90819B151}.Debug|Any CPU.ActiveCfg = Debug|Any CPU
		{01853C0B-20BD-4252-B4F3-47F90819B151}.Debug|Any CPU.Build.0 = Debug|Any CPU
		{01853C0B-20BD-4252-B4F3-47F90819B151}.Release|Any CPU.ActiveCfg = Release|Any CPU
		{01853C0B-20BD-4252-B4F3-47F90819B151}.Release|Any CPU.Build.0 = Release|Any CPU
	EndGlobalSection
	GlobalSection(SolutionProperties) = preSolution
		HideSolutionNode = FALSE
	EndGlobalSection
	GlobalSection(ExtensibilityGlobals) = postSolution
		SolutionGuid = {9D793131-5BBE-4387-B7E7-CFA293E70517}
	EndGlobalSection
EndGlobal
